
Microsoft Visual Studio Solution File, Format Version 12.00
# Visual Studio Version 16
VisualStudioVersion = 16.0.31112.23
MinimumVisualStudioVersion = 10.0.40219.1
Project("{FAE04EC0-301F-11D3-BF4B-00C04F79EFBC}") = "GridMVC", "GridMVC\GridMVC.csproj", "{FC193701-7F06-4CC1-B871-7D1A972D2BE8}"
EndProject
Global
	GlobalSection(SolutionConfigurationPlatforms) = preSolution
		Debug|Any CPU = Debug|Any CPU
		Release|Any CPU = Release|Any CPU
	EndGlobalSection
	GlobalSection(ProjectConfigurationPlatforms) = postSolution
		{FC193701-7F06-4CC1-B871-7D1A972D2BE8}.Debug|Any CPU.ActiveCfg = Debug|Any CPU
		{FC193701-7F06-4CC1-B871-7D1A972D2BE8}.Debug|Any CPU.Build.0 = Debug|Any CPU
		{FC193701-7F06-4CC1-B871-7D1A972D2BE8}.Release|Any CPU.ActiveCfg = Release|Any CPU
		{FC193701-7F06-4CC1-B871-7D1A972D2BE8}.Release|Any CPU.Build.0 = Release|Any CPU
	EndGlobalSection
	GlobalSection(SolutionProperties) = preSolution
		HideSolutionNode = FALSE
	EndGlobalSection
	GlobalSection(ExtensibilityGlobals) = postSolution
		SolutionGuid = {CD444E53-6AF2-4BB0-8532-8AFD3CC97547}
	EndGlobalSection
EndGlobal
